
Microsoft Visual Studio Solution File, Format Version 12.00
# Visual Studio 2012
Project("{FAE04EC0-301F-11D3-BF4B-00C04F79EFBC}") = "UnityVS.7DFPS_ProcJam.CSharp", "UnityVS.7DFPS_ProcJam.CSharp.csproj", "{00911196-5CF4-20B1-C4AD-152C600F0101}"
EndProject
Global
	GlobalSection(SolutionConfigurationPlatforms) = preSolution
		Debug|Any CPU = Debug|Any CPU
		Release|Any CPU = Release|Any CPU
	EndGlobalSection
	GlobalSection(ProjectConfigurationPlatforms) = postSolution
		{00911196-5CF4-20B1-C4AD-152C600F0101}.Debug|Any CPU.ActiveCfg = Debug|Any CPU
		{00911196-5CF4-20B1-C4AD-152C600F0101}.Debug|Any CPU.Build.0 = Debug|Any CPU
		{00911196-5CF4-20B1-C4AD-152C600F0101}.Release|Any CPU.ActiveCfg = Release|Any CPU
		{00911196-5CF4-20B1-C4AD-152C600F0101}.Release|Any CPU.Build.0 = Release|Any CPU
	EndGlobalSection
	GlobalSection(SolutionProperties) = preSolution
		HideSolutionNode = FALSE
	EndGlobalSection
EndGlobal
